
Microsoft Visual Studio Solution File, Format Version 12.00
# Visual Studio Version 16
VisualStudioVersion = 16.0.31313.79
MinimumVisualStudioVersion = 10.0.40219.1
Project("{8BC9CEB8-8B4A-11D0-8D11-00A0C91BC942}") = "S-inject", "S-inject\S-inject.vcxproj", "{2E98B8D4-7A26-4F04-A95D-2051B0AB884C}"
EndProject
Global
	GlobalSection(SolutionConfigurationPlatforms) = preSolution
		Debug|x64 = Debug|x64
		Debug|x86 = Debug|x86
		Release|x64 = Release|x64
		Release|x86 = Release|x86
	EndGlobalSection
	GlobalSection(ProjectConfigurationPlatforms) = postSolution
		{2E98B8D4-7A26-4F04-A95D-2051B0AB884C}.Debug|x64.ActiveCfg = Debug|x64
		{2E98B8D4-7A26-4F04-A95D-2051B0AB884C}.Debug|x64.Build.0 = Debug|x64
		{2E98B8D4-7A26-4F04-A95D-2051B0AB884C}.Debug|x86.ActiveCfg = Debug|Win32
		{2E98B8D4-7A26-4F04-A95D-2051B0AB884C}.Debug|x86.Build.0 = Debug|Win32
		{2E98B8D4-7A26-4F04-A95D-2051B0AB884C}.Release|x64.ActiveCfg = Release|x64
		{2E98B8D4-7A26-4F04-A95D-2051B0AB884C}.Release|x64.Build.0 = Release|x64
		{2E98B8D4-7A26-4F04-A95D-2051B0AB884C}.Release|x86.ActiveCfg = Release|Win32
		{2E98B8D4-7A26-4F04-A95D-2051B0AB884C}.Release|x86.Build.0 = Release|Win32
	EndGlobalSection
	GlobalSection(SolutionProperties) = preSolution
		HideSolutionNode = FALSE
	EndGlobalSection
	GlobalSection(ExtensibilityGlobals) = postSolution
		SolutionGuid = {98803776-4C7B-4159-8ACB-9F23B9CA8524}
	EndGlobalSection
EndGlobal
